
Microsoft Visual Studio Solution File, Format Version 12.00
# Visual Studio Version 17
VisualStudioVersion = 17.14.36408.4 d17.14
MinimumVisualStudioVersion = 10.0.40219.1
Project("{FAE04EC0-301F-11D3-BF4B-00C04F79EFBC}") = "RenderLab", "RenderLab\RenderLab.csproj", "{1F16809A-53AB-48D4-94CE-338923E95A78}"
EndProject
Project("{FAE04EC0-301F-11D3-BF4B-00C04F79EFBC}") = "Engine2D", "Engine2D\Engine2D.csproj", "{E5801BD1-B0B8-4A4E-95FD-4AD8C83BF2CE}"
EndProject
Global
	GlobalSection(SolutionConfigurationPlatforms) = preSolution
		Debug|Any CPU = Debug|Any CPU
		Release|Any CPU = Release|Any CPU
	EndGlobalSection
	GlobalSection(ProjectConfigurationPlatforms) = postSolution
		{1F16809A-53AB-48D4-94CE-338923E95A78}.Debug|Any CPU.ActiveCfg = Debug|Any CPU
		{1F16809A-53AB-48D4-94CE-338923E95A78}.Debug|Any CPU.Build.0 = Debug|Any CPU
		{1F16809A-53AB-48D4-94CE-338923E95A78}.Release|Any CPU.ActiveCfg = Release|Any CPU
		{1F16809A-53AB-48D4-94CE-338923E95A78}.Release|Any CPU.Build.0 = Release|Any CPU
		{E5801BD1-B0B8-4A4E-95FD-4AD8C83BF2CE}.Debug|Any CPU.ActiveCfg = Debug|Any CPU
		{E5801BD1-B0B8-4A4E-95FD-4AD8C83BF2CE}.Debug|Any CPU.Build.0 = Debug|Any CPU
		{E5801BD1-B0B8-4A4E-95FD-4AD8C83BF2CE}.Release|Any CPU.ActiveCfg = Release|Any CPU
		{E5801BD1-B0B8-4A4E-95FD-4AD8C83BF2CE}.Release|Any CPU.Build.0 = Release|Any CPU
	EndGlobalSection
	GlobalSection(SolutionProperties) = preSolution
		HideSolutionNode = FALSE
	EndGlobalSection
	GlobalSection(ExtensibilityGlobals) = postSolution
		SolutionGuid = {28F32073-5F79-4CFF-AFD2-F7E3762005D3}
	EndGlobalSection
EndGlobal
